
Microsoft Visual Studio Solution File, Format Version 12.00
# Visual Studio 14
VisualStudioVersion = 14.0.24720.0
MinimumVisualStudioVersion = 10.0.40219.1
Project("{888888A0-9F3D-457C-B088-3A5042F75D52}") = "AzureStoragePythonGettingStarted", "AzureStoragePythonGettingStarted\AzureStoragePythonGettingStarted.pyproj", "{16B03DF6-1729-4D53-A88C-C3E4CC5185A3}"
EndProject
Global
	GlobalSection(SolutionConfigurationPlatforms) = preSolution
		Debug|Any CPU = Debug|Any CPU
		Release|Any CPU = Release|Any CPU
	EndGlobalSection
	GlobalSection(ProjectConfigurationPlatforms) = postSolution
		{16B03DF6-1729-4D53-A88C-C3E4CC5185A3}.Debug|Any CPU.ActiveCfg = Debug|Any CPU
		{16B03DF6-1729-4D53-A88C-C3E4CC5185A3}.Release|Any CPU.ActiveCfg = Release|Any CPU
	EndGlobalSection
	GlobalSection(SolutionProperties) = preSolution
		HideSolutionNode = FALSE
	EndGlobalSection
EndGlobal
